
Microsoft Visual Studio Solution File, Format Version 12.00
# Visual Studio Version 16
VisualStudioVersion = 16.0.30114.105
MinimumVisualStudioVersion = 10.0.40219.1
Project("{FAE04EC0-301F-11D3-BF4B-00C04F79EFBC}") = "GrafikaProjekt2", "GrafikaProjekt2\GrafikaProjekt2.csproj", "{236AB1AD-9F2B-4396-8BA3-6300F5E32D42}"
EndProject
Global
	GlobalSection(SolutionConfigurationPlatforms) = preSolution
		Debug|Any CPU = Debug|Any CPU
		Release|Any CPU = Release|Any CPU
	EndGlobalSection
	GlobalSection(ProjectConfigurationPlatforms) = postSolution
		{236AB1AD-9F2B-4396-8BA3-6300F5E32D42}.Debug|Any CPU.ActiveCfg = Debug|Any CPU
		{236AB1AD-9F2B-4396-8BA3-6300F5E32D42}.Debug|Any CPU.Build.0 = Debug|Any CPU
		{236AB1AD-9F2B-4396-8BA3-6300F5E32D42}.Release|Any CPU.ActiveCfg = Release|Any CPU
		{236AB1AD-9F2B-4396-8BA3-6300F5E32D42}.Release|Any CPU.Build.0 = Release|Any CPU
	EndGlobalSection
	GlobalSection(SolutionProperties) = preSolution
		HideSolutionNode = FALSE
	EndGlobalSection
	GlobalSection(ExtensibilityGlobals) = postSolution
		SolutionGuid = {578F348B-99E9-4FFD-B147-7B597E971818}
	EndGlobalSection
EndGlobal
